
Microsoft Visual Studio Solution File, Format Version 11.00
# Visual C++ Express 2010
Project("{8BC9CEB8-8B4A-11D0-8D11-00A0C91BC942}") = "HW1 - Paint", "HW1 - Paint.vcxproj", "{E813306E-F417-44BB-A5DE-67B78F4DE46C}"
EndProject
Global
	GlobalSection(SolutionConfigurationPlatforms) = preSolution
		Debug|Win32 = Debug|Win32
		Release|Win32 = Release|Win32
	EndGlobalSection
	GlobalSection(ProjectConfigurationPlatforms) = postSolution
		{E813306E-F417-44BB-A5DE-67B78F4DE46C}.Debug|Win32.ActiveCfg = Debug|Win32
		{E813306E-F417-44BB-A5DE-67B78F4DE46C}.Debug|Win32.Build.0 = Debug|Win32
		{E813306E-F417-44BB-A5DE-67B78F4DE46C}.Release|Win32.ActiveCfg = Release|Win32
		{E813306E-F417-44BB-A5DE-67B78F4DE46C}.Release|Win32.Build.0 = Release|Win32
	EndGlobalSection
	GlobalSection(SolutionProperties) = preSolution
		HideSolutionNode = FALSE
	EndGlobalSection
EndGlobal
